
Microsoft Visual Studio Solution File, Format Version 12.00
# Visual Studio 15
VisualStudioVersion = 15.0.28010.2050
MinimumVisualStudioVersion = 10.0.40219.1
Project("{FAE04EC0-301F-11D3-BF4B-00C04F79EFBC}") = "OptimizationProject", "OptimizationProject\OptimizationProject.csproj", "{A95721B1-0874-44A7-AF25-C3DE784FB2A8}"
EndProject
Global
	GlobalSection(SolutionConfigurationPlatforms) = preSolution
		Debug|Any CPU = Debug|Any CPU
		Release|Any CPU = Release|Any CPU
	EndGlobalSection
	GlobalSection(ProjectConfigurationPlatforms) = postSolution
		{A95721B1-0874-44A7-AF25-C3DE784FB2A8}.Debug|Any CPU.ActiveCfg = Debug|Any CPU
		{A95721B1-0874-44A7-AF25-C3DE784FB2A8}.Debug|Any CPU.Build.0 = Debug|Any CPU
		{A95721B1-0874-44A7-AF25-C3DE784FB2A8}.Release|Any CPU.ActiveCfg = Release|Any CPU
		{A95721B1-0874-44A7-AF25-C3DE784FB2A8}.Release|Any CPU.Build.0 = Release|Any CPU
	EndGlobalSection
	GlobalSection(SolutionProperties) = preSolution
		HideSolutionNode = FALSE
	EndGlobalSection
	GlobalSection(ExtensibilityGlobals) = postSolution
		SolutionGuid = {59FCFB38-FAE3-4C27-B9DC-0FF9D03351C9}
	EndGlobalSection
EndGlobal
